
Microsoft Visual Studio Solution File, Format Version 12.00
# Visual Studio Version 17
VisualStudioVersion = 17.3.32819.101
MinimumVisualStudioVersion = 10.0.40219.1
Project("{2150E333-8FDC-42A3-9474-1A3956D46DE8}") = "Application", "Application", "{7FBB7D80-3A97-4C38-B2EF-C1F72DB4FB5F}"
EndProject
Project("{2150E333-8FDC-42A3-9474-1A3956D46DE8}") = "Data", "Data", "{3BAD7B78-4719-462F-9549-E8AFF5D20B8A}"
EndProject
Project("{2150E333-8FDC-42A3-9474-1A3956D46DE8}") = "Domain", "Domain", "{233E909F-CEC6-4E35-B214-F845E38EDA8C}"
EndProject
Project("{2150E333-8FDC-42A3-9474-1A3956D46DE8}") = "IOC", "IOC", "{A6555166-61E7-4A86-B964-5CE0DF48E7C9}"
EndProject
Project("{2150E333-8FDC-42A3-9474-1A3956D46DE8}") = "Presentation", "Presentation", "{ED012128-ACDB-45AA-9B5B-3F497D15B0C8}"
EndProject
Project("{9A19103F-16F7-4668-BE54-9A1E7A4F7556}") = "Application", "Application\Application.csproj", "{428EDE7F-9721-49D2-8F6A-C82A8632BEB6}"
EndProject
Project("{9A19103F-16F7-4668-BE54-9A1E7A4F7556}") = "Data", "Data\Data.csproj", "{E1707ED8-3543-4A8D-A857-2AEE5DACEB8A}"
EndProject
Project("{9A19103F-16F7-4668-BE54-9A1E7A4F7556}") = "Domain", "Domain\Domain.csproj", "{4F772E1B-E6D8-471A-B41A-D1FB96E03635}"
EndProject
Project("{9A19103F-16F7-4668-BE54-9A1E7A4F7556}") = "IOC", "IOC\IOC.csproj", "{2D737D8B-0F1F-4B41-AB71-87B276C4F8D2}"
EndProject
Project("{9A19103F-16F7-4668-BE54-9A1E7A4F7556}") = "Consumer.Console", "Consumer.Console\Consumer.Console.csproj", "{410B328D-489F-4132-81A2-E8899A9DFEDE}"
EndProject
Project("{FAE04EC0-301F-11D3-BF4B-00C04F79EFBC}") = "Consumer.MVC", "Consumer.MVC\Consumer.MVC.csproj", "{059BA09A-4A41-43B6-AEA0-8555E437E725}"
EndProject
Global
	GlobalSection(SolutionConfigurationPlatforms) = preSolution
		Debug|Any CPU = Debug|Any CPU
		Release|Any CPU = Release|Any CPU
	EndGlobalSection
	GlobalSection(ProjectConfigurationPlatforms) = postSolution
		{428EDE7F-9721-49D2-8F6A-C82A8632BEB6}.Debug|Any CPU.ActiveCfg = Debug|Any CPU
		{428EDE7F-9721-49D2-8F6A-C82A8632BEB6}.Debug|Any CPU.Build.0 = Debug|Any CPU
		{428EDE7F-9721-49D2-8F6A-C82A8632BEB6}.Release|Any CPU.ActiveCfg = Release|Any CPU
		{428EDE7F-9721-49D2-8F6A-C82A8632BEB6}.Release|Any CPU.Build.0 = Release|Any CPU
		{E1707ED8-3543-4A8D-A857-2AEE5DACEB8A}.Debug|Any CPU.ActiveCfg = Debug|Any CPU
		{E1707ED8-3543-4A8D-A857-2AEE5DACEB8A}.Debug|Any CPU.Build.0 = Debug|Any CPU
		{E1707ED8-3543-4A8D-A857-2AEE5DACEB8A}.Release|Any CPU.ActiveCfg = Release|Any CPU
		{E1707ED8-3543-4A8D-A857-2AEE5DACEB8A}.Release|Any CPU.Build.0 = Release|Any CPU
		{4F772E1B-E6D8-471A-B41A-D1FB96E03635}.Debug|Any CPU.ActiveCfg = Debug|Any CPU
		{4F772E1B-E6D8-471A-B41A-D1FB96E03635}.Debug|Any CPU.Build.0 = Debug|Any CPU
		{4F772E1B-E6D8-471A-B41A-D1FB96E03635}.Release|Any CPU.ActiveCfg = Release|Any CPU
		{4F772E1B-E6D8-471A-B41A-D1FB96E03635}.Release|Any CPU.Build.0 = Release|Any CPU
		{2D737D8B-0F1F-4B41-AB71-87B276C4F8D2}.Debug|Any CPU.ActiveCfg = Debug|Any CPU
		{2D737D8B-0F1F-4B41-AB71-87B276C4F8D2}.Debug|Any CPU.Build.0 = Debug|Any CPU
		{2D737D8B-0F1F-4B41-AB71-87B276C4F8D2}.Release|Any CPU.ActiveCfg = Release|Any CPU
		{2D737D8B-0F1F-4B41-AB71-87B276C4F8D2}.Release|Any CPU.Build.0 = Release|Any CPU
		{410B328D-489F-4132-81A2-E8899A9DFEDE}.Debug|Any CPU.ActiveCfg = Debug|Any CPU
		{410B328D-489F-4132-81A2-E8899A9DFEDE}.Debug|Any CPU.Build.0 = Debug|Any CPU
		{410B328D-489F-4132-81A2-E8899A9DFEDE}.Release|Any CPU.ActiveCfg = Release|Any CPU
		{410B328D-489F-4132-81A2-E8899A9DFEDE}.Release|Any CPU.Build.0 = Release|Any CPU
		{059BA09A-4A41-43B6-AEA0-8555E437E725}.Debug|Any CPU.ActiveCfg = Debug|Any CPU
		{059BA09A-4A41-43B6-AEA0-8555E437E725}.Debug|Any CPU.Build.0 = Debug|Any CPU
		{059BA09A-4A41-43B6-AEA0-8555E437E725}.Release|Any CPU.ActiveCfg = Release|Any CPU
		{059BA09A-4A41-43B6-AEA0-8555E437E725}.Release|Any CPU.Build.0 = Release|Any CPU
	EndGlobalSection
	GlobalSection(SolutionProperties) = preSolution
		HideSolutionNode = FALSE
	EndGlobalSection
	GlobalSection(NestedProjects) = preSolution
		{428EDE7F-9721-49D2-8F6A-C82A8632BEB6} = {7FBB7D80-3A97-4C38-B2EF-C1F72DB4FB5F}
		{E1707ED8-3543-4A8D-A857-2AEE5DACEB8A} = {3BAD7B78-4719-462F-9549-E8AFF5D20B8A}
		{4F772E1B-E6D8-471A-B41A-D1FB96E03635} = {233E909F-CEC6-4E35-B214-F845E38EDA8C}
		{2D737D8B-0F1F-4B41-AB71-87B276C4F8D2} = {A6555166-61E7-4A86-B964-5CE0DF48E7C9}
		{410B328D-489F-4132-81A2-E8899A9DFEDE} = {ED012128-ACDB-45AA-9B5B-3F497D15B0C8}
		{059BA09A-4A41-43B6-AEA0-8555E437E725} = {ED012128-ACDB-45AA-9B5B-3F497D15B0C8}
	EndGlobalSection
	GlobalSection(ExtensibilityGlobals) = postSolution
		SolutionGuid = {F23F738A-2036-4E4A-9652-794E6A2F7204}
	EndGlobalSection
EndGlobal
